[ "cowboy": {:git, "git://github.com/extend/cowboy.git", "239e5e0ba7f413642aca3cf2735f0709a643fb8e", []},
  "cowlib": {:git, "git://github.com/extend/cowlib.git", "0d4ece08a7cce90a07cf33d4edad29bc324c7d90", [ref: "0.5.1"]},
  "hackney": {:git, "git://github.com/benoitc/hackney.git", "7f2a0b5996313d930277786e7ff5d538e9346547", [tag: "0.10.1"]},
  "hackney_lib": {:git, "https://github.com/benoitc/hackney_lib.git", "eecdb481f1d38bfb194896bffdf9bdcdd967ae96", [tag: "0.2.2"]},
  "mime": {:git, "git://github.com/dynamo/mime.git", "db84370c53a67a7e58a4d0cfb026f4edc64a9367", []},
  "mimetypes": {:git, "git://github.com/spawngrid/mimetypes.git", "47d37a977a7d633199822bf6b08353007483d00f", [ref: "master"]},
  "ranch": {:git, "git://github.com/extend/ranch.git", "5df1f222f94e08abdcab7084f5e13027143cc222", [ref: "0.9.0"]} ]
