[ "cowboy": {:git, "git://github.com/extend/cowboy.git", "e7afe1f381f93f0c4df3680ff55dae111e864c9f", []},
  "cowlib": {:git, "git://github.com/extend/cowlib.git", "0d4ece08a7cce90a07cf33d4edad29bc324c7d90", [ref: "0.5.1"]},
  "decimal": {:git, "git://github.com/ericmj/decimal.git", "ca3ca3de2425b1ee19d175eca92d80dcfe02fdb1", []},
  "dynamo": {:git, "git://github.com/elixir-lang/dynamo.git", "bdbb6063f7bdb500d1e7c8ce452819bf2baecbfb", []},
  "ecto": {:git, "git://github.com/elixir-lang/ecto.git", "29744894030a86719dd6d50529435b96a0fc0312", []},
  "hackney": {:git, "git://github.com/benoitc/hackney.git", "5b0f7eb949ebebd6fabfbc4e08a7b7231850606a", []},
  "mime": {:git, "git://github.com/dynamo/mime.git", "db84370c53a67a7e58a4d0cfb026f4edc64a9367", []},
  "mimetypes": {:git, "git://github.com/spawngrid/mimetypes.git", "47d37a977a7d633199822bf6b08353007483d00f", []},
  "poolboy": {:git, "git://github.com/devinus/poolboy.git", "3cc20d045243fe8d034a295923bd3deeb3be047a", []},
  "postgrex": {:git, "git://github.com/ericmj/postgrex.git", "c6fbb72d6f0678efd02e58b38cf2308397f0566a", []},
  "ranch": {:git, "git://github.com/extend/ranch.git", "5df1f222f94e08abdcab7084f5e13027143cc222", [ref: "0.9.0"]} ]
